# THIS IS AN AUTOGENERATED FILE. DO NOT EDIT THIS FILE DIRECTLY.
# yarn lockfile v1


"@faker-js/faker@^6.3.1":
  version "6.3.1"
  resolved "https://registry.yarnpkg.com/@faker-js/faker/-/faker-6.3.1.tgz#1ae963dd40405450a2945408cba553e1afa3e0fb"
  integrity sha512-8YXBE2ZcU/pImVOHX7MWrSR/X5up7t6rPWZlk34RwZEcdr3ua6X+32pSd6XuOQRN+vbuvYNfA6iey8NbrjuMFQ==
